
Microsoft Visual Studio Solution File, Format Version 12.00
Project("{FAE04EC0-301F-11D3-BF4B-00C04F79EFBC}") = "WebApp", "WebApp\WebApp.csproj", "{85F34C34-A847-4916-9055-E4DFD100DCBB}"
EndProject
Project("{2150E333-8FDC-42A3-9474-1A3956D46DE8}") = "!SolutionItems", "!SolutionItems", "{9FF1CA03-5D94-4881-9177-2290B2CC34C5}"
	ProjectSection(SolutionItems) = preProject
		..\.gitignore = ..\.gitignore
		..\Directory.Build.props = ..\Directory.Build.props
		..\README.md = ..\README.md
	EndProjectSection
EndProject
Project("{2150E333-8FDC-42A3-9474-1A3956D46DE8}") = "App", "App", "{78203376-FA33-4974-896E-80C251F462D0}"
EndProject
Project("{2150E333-8FDC-42A3-9474-1A3956D46DE8}") = "Base", "Base", "{DBA3B980-2854-440A-8FB4-47CEEDD214D0}"
EndProject
Project("{FAE04EC0-301F-11D3-BF4B-00C04F79EFBC}") = "App.DAL.EF", "App.DAL.EF\App.DAL.EF.csproj", "{98CF3270-063C-4372-B67E-86A911E94C37}"
EndProject
Project("{FAE04EC0-301F-11D3-BF4B-00C04F79EFBC}") = "Base.Domain", "Base.Domain\Base.Domain.csproj", "{EBC140AF-874B-4E33-9F8A-CAA708F999D6}"
EndProject
Project("{FAE04EC0-301F-11D3-BF4B-00C04F79EFBC}") = "App.Domain", "App.Domain\App.Domain.csproj", "{2837928D-3FB7-4BFD-81BA-AC9FBF3BEC4F}"
EndProject
Project("{FAE04EC0-301F-11D3-BF4B-00C04F79EFBC}") = "Base.Resources", "Base.Resources\Base.Resources.csproj", "{37C36B14-311E-4D83-B312-15B86812F993}"
EndProject
Project("{FAE04EC0-301F-11D3-BF4B-00C04F79EFBC}") = "App.Resources", "App.Resources\App.Resources.csproj", "{83251B80-AD2A-40F0-86A1-14093B410F87}"
EndProject
Project("{FAE04EC0-301F-11D3-BF4B-00C04F79EFBC}") = "Base.DAL.EF", "Base.DAL.EF\Base.DAL.EF.csproj", "{D49053D7-CBCF-4494-ABF0-94FD0AA85A51}"
EndProject
Project("{FAE04EC0-301F-11D3-BF4B-00C04F79EFBC}") = "Base.Contracts", "Base.Contracts\Base.Contracts.csproj", "{F629351B-E930-4553-A17F-6C3C14AD51DC}"
EndProject
Project("{FAE04EC0-301F-11D3-BF4B-00C04F79EFBC}") = "App.DAL.Contracts", "App.DAL.Contracts\App.DAL.Contracts.csproj", "{CBD6720B-1259-416C-9362-DB40E5579DB5}"
EndProject
Project("{FAE04EC0-301F-11D3-BF4B-00C04F79EFBC}") = "Base.DAL.Contracts", "Base.DAL.Contracts\Base.DAL.Contracts.csproj", "{6A626329-31FA-45DB-A84D-4283EF541756}"
EndProject
Project("{FAE04EC0-301F-11D3-BF4B-00C04F79EFBC}") = "Base.Helpers", "Base.Helpers\Base.Helpers.csproj", "{6D96490F-7E3D-4437-8F18-CEF48A56651E}"
EndProject
Project("{FAE04EC0-301F-11D3-BF4B-00C04F79EFBC}") = "App.DTO", "App.DTO\App.DTO.csproj", "{4954199A-6141-4CED-923A-5E361D9B9581}"
EndProject
Project("{FAE04EC0-301F-11D3-BF4B-00C04F79EFBC}") = "App.DAL.DTO", "App.DAL.DTO\App.DAL.DTO.csproj", "{8696A099-68F7-456E-8ECD-0D28E40EBA4A}"
EndProject
Project("{FAE04EC0-301F-11D3-BF4B-00C04F79EFBC}") = "Base.BLL", "Base.BLL\Base.BLL.csproj", "{3F171AB7-C829-4CB3-B761-F1EBD286FE8D}"
EndProject
Project("{FAE04EC0-301F-11D3-BF4B-00C04F79EFBC}") = "Base.BLL.Contracts", "Base.BLL.Contracts\Base.BLL.Contracts.csproj", "{C33F533E-065C-419F-B208-E826098CCD23}"
EndProject
Project("{FAE04EC0-301F-11D3-BF4B-00C04F79EFBC}") = "App.BLL", "App.BLL\App.BLL.csproj", "{7DA53F4E-C37F-481C-81EF-F862CF4EA1BF}"
EndProject
Project("{FAE04EC0-301F-11D3-BF4B-00C04F79EFBC}") = "App.BLL.Contracts", "App.BLL.Contracts\App.BLL.Contracts.csproj", "{46FF80CA-C3D4-4BC9-A5F5-D3E5F44B5F10}"
EndProject
Project("{FAE04EC0-301F-11D3-BF4B-00C04F79EFBC}") = "App.BLL.DTO", "App.BLL.DTO\App.BLL.DTO.csproj", "{37F65FFF-D7E3-4DF0-AD32-FE7F51C3FA5D}"
EndProject
Project("{FAE04EC0-301F-11D3-BF4B-00C04F79EFBC}") = "App.Test", "App.Test\App.Test.csproj", "{3E3FE05D-CCF9-4E4B-92FC-CA74F6A54969}"
EndProject
Global
	GlobalSection(SolutionConfigurationPlatforms) = preSolution
		Debug|Any CPU = Debug|Any CPU
		Release|Any CPU = Release|Any CPU
	EndGlobalSection
	GlobalSection(ProjectConfigurationPlatforms) = postSolution
		{85F34C34-A847-4916-9055-E4DFD100DCBB}.Debug|Any CPU.ActiveCfg = Debug|Any CPU
		{85F34C34-A847-4916-9055-E4DFD100DCBB}.Debug|Any CPU.Build.0 = Debug|Any CPU
		{85F34C34-A847-4916-9055-E4DFD100DCBB}.Release|Any CPU.ActiveCfg = Release|Any CPU
		{85F34C34-A847-4916-9055-E4DFD100DCBB}.Release|Any CPU.Build.0 = Release|Any CPU
		{98CF3270-063C-4372-B67E-86A911E94C37}.Debug|Any CPU.ActiveCfg = Debug|Any CPU
		{98CF3270-063C-4372-B67E-86A911E94C37}.Debug|Any CPU.Build.0 = Debug|Any CPU
		{98CF3270-063C-4372-B67E-86A911E94C37}.Release|Any CPU.ActiveCfg = Release|Any CPU
		{98CF3270-063C-4372-B67E-86A911E94C37}.Release|Any CPU.Build.0 = Release|Any CPU
		{EBC140AF-874B-4E33-9F8A-CAA708F999D6}.Debug|Any CPU.ActiveCfg = Debug|Any CPU
		{EBC140AF-874B-4E33-9F8A-CAA708F999D6}.Debug|Any CPU.Build.0 = Debug|Any CPU
		{EBC140AF-874B-4E33-9F8A-CAA708F999D6}.Release|Any CPU.ActiveCfg = Release|Any CPU
		{EBC140AF-874B-4E33-9F8A-CAA708F999D6}.Release|Any CPU.Build.0 = Release|Any CPU
		{2837928D-3FB7-4BFD-81BA-AC9FBF3BEC4F}.Debug|Any CPU.ActiveCfg = Debug|Any CPU
		{2837928D-3FB7-4BFD-81BA-AC9FBF3BEC4F}.Debug|Any CPU.Build.0 = Debug|Any CPU
		{2837928D-3FB7-4BFD-81BA-AC9FBF3BEC4F}.Release|Any CPU.ActiveCfg = Release|Any CPU
		{2837928D-3FB7-4BFD-81BA-AC9FBF3BEC4F}.Release|Any CPU.Build.0 = Release|Any CPU
		{37C36B14-311E-4D83-B312-15B86812F993}.Debug|Any CPU.ActiveCfg = Debug|Any CPU
		{37C36B14-311E-4D83-B312-15B86812F993}.Debug|Any CPU.Build.0 = Debug|Any CPU
		{37C36B14-311E-4D83-B312-15B86812F993}.Release|Any CPU.ActiveCfg = Release|Any CPU
		{37C36B14-311E-4D83-B312-15B86812F993}.Release|Any CPU.Build.0 = Release|Any CPU
		{83251B80-AD2A-40F0-86A1-14093B410F87}.Debug|Any CPU.ActiveCfg = Debug|Any CPU
		{83251B80-AD2A-40F0-86A1-14093B410F87}.Debug|Any CPU.Build.0 = Debug|Any CPU
		{83251B80-AD2A-40F0-86A1-14093B410F87}.Release|Any CPU.ActiveCfg = Release|Any CPU
		{83251B80-AD2A-40F0-86A1-14093B410F87}.Release|Any CPU.Build.0 = Release|Any CPU
		{D49053D7-CBCF-4494-ABF0-94FD0AA85A51}.Debug|Any CPU.ActiveCfg = Debug|Any CPU
		{D49053D7-CBCF-4494-ABF0-94FD0AA85A51}.Debug|Any CPU.Build.0 = Debug|Any CPU
		{D49053D7-CBCF-4494-ABF0-94FD0AA85A51}.Release|Any CPU.ActiveCfg = Release|Any CPU
		{D49053D7-CBCF-4494-ABF0-94FD0AA85A51}.Release|Any CPU.Build.0 = Release|Any CPU
		{F629351B-E930-4553-A17F-6C3C14AD51DC}.Debug|Any CPU.ActiveCfg = Debug|Any CPU
		{F629351B-E930-4553-A17F-6C3C14AD51DC}.Debug|Any CPU.Build.0 = Debug|Any CPU
		{F629351B-E930-4553-A17F-6C3C14AD51DC}.Release|Any CPU.ActiveCfg = Release|Any CPU
		{F629351B-E930-4553-A17F-6C3C14AD51DC}.Release|Any CPU.Build.0 = Release|Any CPU
		{CBD6720B-1259-416C-9362-DB40E5579DB5}.Debug|Any CPU.ActiveCfg = Debug|Any CPU
		{CBD6720B-1259-416C-9362-DB40E5579DB5}.Debug|Any CPU.Build.0 = Debug|Any CPU
		{CBD6720B-1259-416C-9362-DB40E5579DB5}.Release|Any CPU.ActiveCfg = Release|Any CPU
		{CBD6720B-1259-416C-9362-DB40E5579DB5}.Release|Any CPU.Build.0 = Release|Any CPU
		{6A626329-31FA-45DB-A84D-4283EF541756}.Debug|Any CPU.ActiveCfg = Debug|Any CPU
		{6A626329-31FA-45DB-A84D-4283EF541756}.Debug|Any CPU.Build.0 = Debug|Any CPU
		{6A626329-31FA-45DB-A84D-4283EF541756}.Release|Any CPU.ActiveCfg = Release|Any CPU
		{6A626329-31FA-45DB-A84D-4283EF541756}.Release|Any CPU.Build.0 = Release|Any CPU
		{6D96490F-7E3D-4437-8F18-CEF48A56651E}.Debug|Any CPU.ActiveCfg = Debug|Any CPU
		{6D96490F-7E3D-4437-8F18-CEF48A56651E}.Debug|Any CPU.Build.0 = Debug|Any CPU
		{6D96490F-7E3D-4437-8F18-CEF48A56651E}.Release|Any CPU.ActiveCfg = Release|Any CPU
		{6D96490F-7E3D-4437-8F18-CEF48A56651E}.Release|Any CPU.Build.0 = Release|Any CPU
		{4954199A-6141-4CED-923A-5E361D9B9581}.Debug|Any CPU.ActiveCfg = Debug|Any CPU
		{4954199A-6141-4CED-923A-5E361D9B9581}.Debug|Any CPU.Build.0 = Debug|Any CPU
		{4954199A-6141-4CED-923A-5E361D9B9581}.Release|Any CPU.ActiveCfg = Release|Any CPU
		{4954199A-6141-4CED-923A-5E361D9B9581}.Release|Any CPU.Build.0 = Release|Any CPU
		{8696A099-68F7-456E-8ECD-0D28E40EBA4A}.Debug|Any CPU.ActiveCfg = Debug|Any CPU
		{8696A099-68F7-456E-8ECD-0D28E40EBA4A}.Debug|Any CPU.Build.0 = Debug|Any CPU
		{8696A099-68F7-456E-8ECD-0D28E40EBA4A}.Release|Any CPU.ActiveCfg = Release|Any CPU
		{8696A099-68F7-456E-8ECD-0D28E40EBA4A}.Release|Any CPU.Build.0 = Release|Any CPU
		{3F171AB7-C829-4CB3-B761-F1EBD286FE8D}.Debug|Any CPU.ActiveCfg = Debug|Any CPU
		{3F171AB7-C829-4CB3-B761-F1EBD286FE8D}.Debug|Any CPU.Build.0 = Debug|Any CPU
		{3F171AB7-C829-4CB3-B761-F1EBD286FE8D}.Release|Any CPU.ActiveCfg = Release|Any CPU
		{3F171AB7-C829-4CB3-B761-F1EBD286FE8D}.Release|Any CPU.Build.0 = Release|Any CPU
		{C33F533E-065C-419F-B208-E826098CCD23}.Debug|Any CPU.ActiveCfg = Debug|Any CPU
		{C33F533E-065C-419F-B208-E826098CCD23}.Debug|Any CPU.Build.0 = Debug|Any CPU
		{C33F533E-065C-419F-B208-E826098CCD23}.Release|Any CPU.ActiveCfg = Release|Any CPU
		{C33F533E-065C-419F-B208-E826098CCD23}.Release|Any CPU.Build.0 = Release|Any CPU
		{7DA53F4E-C37F-481C-81EF-F862CF4EA1BF}.Debug|Any CPU.ActiveCfg = Debug|Any CPU
		{7DA53F4E-C37F-481C-81EF-F862CF4EA1BF}.Debug|Any CPU.Build.0 = Debug|Any CPU
		{7DA53F4E-C37F-481C-81EF-F862CF4EA1BF}.Release|Any CPU.ActiveCfg = Release|Any CPU
		{7DA53F4E-C37F-481C-81EF-F862CF4EA1BF}.Release|Any CPU.Build.0 = Release|Any CPU
		{46FF80CA-C3D4-4BC9-A5F5-D3E5F44B5F10}.Debug|Any CPU.ActiveCfg = Debug|Any CPU
		{46FF80CA-C3D4-4BC9-A5F5-D3E5F44B5F10}.Debug|Any CPU.Build.0 = Debug|Any CPU
		{46FF80CA-C3D4-4BC9-A5F5-D3E5F44B5F10}.Release|Any CPU.ActiveCfg = Release|Any CPU
		{46FF80CA-C3D4-4BC9-A5F5-D3E5F44B5F10}.Release|Any CPU.Build.0 = Release|Any CPU
		{37F65FFF-D7E3-4DF0-AD32-FE7F51C3FA5D}.Debug|Any CPU.ActiveCfg = Debug|Any CPU
		{37F65FFF-D7E3-4DF0-AD32-FE7F51C3FA5D}.Debug|Any CPU.Build.0 = Debug|Any CPU
		{37F65FFF-D7E3-4DF0-AD32-FE7F51C3FA5D}.Release|Any CPU.ActiveCfg = Release|Any CPU
		{37F65FFF-D7E3-4DF0-AD32-FE7F51C3FA5D}.Release|Any CPU.Build.0 = Release|Any CPU
		{3E3FE05D-CCF9-4E4B-92FC-CA74F6A54969}.Debug|Any CPU.ActiveCfg = Debug|Any CPU
		{3E3FE05D-CCF9-4E4B-92FC-CA74F6A54969}.Debug|Any CPU.Build.0 = Debug|Any CPU
		{3E3FE05D-CCF9-4E4B-92FC-CA74F6A54969}.Release|Any CPU.ActiveCfg = Release|Any CPU
		{3E3FE05D-CCF9-4E4B-92FC-CA74F6A54969}.Release|Any CPU.Build.0 = Release|Any CPU
	EndGlobalSection
	GlobalSection(NestedProjects) = preSolution
		{98CF3270-063C-4372-B67E-86A911E94C37} = {78203376-FA33-4974-896E-80C251F462D0}
		{EBC140AF-874B-4E33-9F8A-CAA708F999D6} = {DBA3B980-2854-440A-8FB4-47CEEDD214D0}
		{2837928D-3FB7-4BFD-81BA-AC9FBF3BEC4F} = {78203376-FA33-4974-896E-80C251F462D0}
		{37C36B14-311E-4D83-B312-15B86812F993} = {DBA3B980-2854-440A-8FB4-47CEEDD214D0}
		{83251B80-AD2A-40F0-86A1-14093B410F87} = {78203376-FA33-4974-896E-80C251F462D0}
		{D49053D7-CBCF-4494-ABF0-94FD0AA85A51} = {DBA3B980-2854-440A-8FB4-47CEEDD214D0}
		{F629351B-E930-4553-A17F-6C3C14AD51DC} = {DBA3B980-2854-440A-8FB4-47CEEDD214D0}
		{CBD6720B-1259-416C-9362-DB40E5579DB5} = {78203376-FA33-4974-896E-80C251F462D0}
		{6A626329-31FA-45DB-A84D-4283EF541756} = {DBA3B980-2854-440A-8FB4-47CEEDD214D0}
		{6D96490F-7E3D-4437-8F18-CEF48A56651E} = {DBA3B980-2854-440A-8FB4-47CEEDD214D0}
		{4954199A-6141-4CED-923A-5E361D9B9581} = {78203376-FA33-4974-896E-80C251F462D0}
		{8696A099-68F7-456E-8ECD-0D28E40EBA4A} = {78203376-FA33-4974-896E-80C251F462D0}
		{3F171AB7-C829-4CB3-B761-F1EBD286FE8D} = {DBA3B980-2854-440A-8FB4-47CEEDD214D0}
		{C33F533E-065C-419F-B208-E826098CCD23} = {DBA3B980-2854-440A-8FB4-47CEEDD214D0}
		{7DA53F4E-C37F-481C-81EF-F862CF4EA1BF} = {78203376-FA33-4974-896E-80C251F462D0}
		{46FF80CA-C3D4-4BC9-A5F5-D3E5F44B5F10} = {78203376-FA33-4974-896E-80C251F462D0}
		{37F65FFF-D7E3-4DF0-AD32-FE7F51C3FA5D} = {78203376-FA33-4974-896E-80C251F462D0}
		{85F34C34-A847-4916-9055-E4DFD100DCBB} = {78203376-FA33-4974-896E-80C251F462D0}
		{3E3FE05D-CCF9-4E4B-92FC-CA74F6A54969} = {78203376-FA33-4974-896E-80C251F462D0}
	EndGlobalSection
EndGlobal
