
Microsoft Visual Studio Solution File, Format Version 12.00
Project("{FAE04EC0-301F-11D3-BF4B-00C04F79EFBC}") = "WebApp", "WebApp\WebApp.csproj", "{7093EA79-1409-4B3A-947A-0C20719117B0}"
EndProject
Project("{FAE04EC0-301F-11D3-BF4B-00C04F79EFBC}") = "App.DAL.EF", "App.DAL.EF\App.DAL.EF.csproj", "{C845F2AE-A92E-4746-84D3-6C407F37136B}"
EndProject
Project("{FAE04EC0-301F-11D3-BF4B-00C04F79EFBC}") = "App.Domain", "App.Domain\App.Domain.csproj", "{27F9B888-4341-4705-AC04-F964CFEB72D4}"
EndProject
Project("{2150E333-8FDC-42A3-9474-1A3956D46DE8}") = "App", "App", "{3E4BAE06-6B4A-4EBF-BE9A-ACC22F8BD795}"
EndProject
Project("{2150E333-8FDC-42A3-9474-1A3956D46DE8}") = "Base", "Base", "{F933D3BC-5602-42E6-B733-7D6DACF3FF66}"
EndProject
Project("{FAE04EC0-301F-11D3-BF4B-00C04F79EFBC}") = "Base.Domain", "Base.Domain\Base.Domain.csproj", "{B0914D96-7803-4D18-9C95-7CC66D90D1D0}"
EndProject
Project("{FAE04EC0-301F-11D3-BF4B-00C04F79EFBC}") = "Base.Helpers", "Base.Helpers\Base.Helpers.csproj", "{C32519B1-8DD9-4372-AD48-C419E700BE0A}"
EndProject
Project("{FAE04EC0-301F-11D3-BF4B-00C04F79EFBC}") = "Base.DAL.EF", "Base.DAL.EF\Base.DAL.EF.csproj", "{5C165E5D-7C4E-44A9-9B3C-E35C24E320AC}"
EndProject
Project("{FAE04EC0-301F-11D3-BF4B-00C04F79EFBC}") = "Base.DAL.Contracts", "Base.DAL.Contracts\Base.DAL.Contracts.csproj", "{08101EC1-2BB3-48DE-B1FE-F7D3C5173566}"
EndProject
Project("{FAE04EC0-301F-11D3-BF4B-00C04F79EFBC}") = "Base.Contracts", "Base.Contracts\Base.Contracts.csproj", "{0A47B030-670C-4B42-87C6-AB56C13B3076}"
EndProject
Project("{FAE04EC0-301F-11D3-BF4B-00C04F79EFBC}") = "App.DAL.DTO", "App.DAL.DTO\App.DAL.DTO.csproj", "{9EA5938D-8DD2-4118-9E11-DE542A8B2FAB}"
EndProject
Project("{FAE04EC0-301F-11D3-BF4B-00C04F79EFBC}") = "App.DAL.Contracts", "App.DAL.Contracts\App.DAL.Contracts.csproj", "{E9C0F6D9-FE2F-48D2-9B65-0E6535D894B3}"
EndProject
Project("{2150E333-8FDC-42A3-9474-1A3956D46DE8}") = "!SolutionItems", "!SolutionItems", "{7C86D518-469C-4D78-AC61-4EBA4F1D3B69}"
	ProjectSection(SolutionItems) = preProject
		README.md = README.md
		..\.gitignore = ..\.gitignore
		..\Directory.Build.props = ..\Directory.Build.props
		docker-compose.yml = docker-compose.yml
	EndProjectSection
EndProject
Project("{FAE04EC0-301F-11D3-BF4B-00C04F79EFBC}") = "App.DTO", "App.DTO\App.DTO.csproj", "{D20CD49C-F9D6-4986-8955-44F2094A8E87}"
EndProject
Global
	GlobalSection(SolutionConfigurationPlatforms) = preSolution
		Debug|Any CPU = Debug|Any CPU
		Release|Any CPU = Release|Any CPU
	EndGlobalSection
	GlobalSection(ProjectConfigurationPlatforms) = postSolution
		{7093EA79-1409-4B3A-947A-0C20719117B0}.Debug|Any CPU.ActiveCfg = Debug|Any CPU
		{7093EA79-1409-4B3A-947A-0C20719117B0}.Debug|Any CPU.Build.0 = Debug|Any CPU
		{7093EA79-1409-4B3A-947A-0C20719117B0}.Release|Any CPU.ActiveCfg = Release|Any CPU
		{7093EA79-1409-4B3A-947A-0C20719117B0}.Release|Any CPU.Build.0 = Release|Any CPU
		{C845F2AE-A92E-4746-84D3-6C407F37136B}.Debug|Any CPU.ActiveCfg = Debug|Any CPU
		{C845F2AE-A92E-4746-84D3-6C407F37136B}.Debug|Any CPU.Build.0 = Debug|Any CPU
		{C845F2AE-A92E-4746-84D3-6C407F37136B}.Release|Any CPU.ActiveCfg = Release|Any CPU
		{C845F2AE-A92E-4746-84D3-6C407F37136B}.Release|Any CPU.Build.0 = Release|Any CPU
		{27F9B888-4341-4705-AC04-F964CFEB72D4}.Debug|Any CPU.ActiveCfg = Debug|Any CPU
		{27F9B888-4341-4705-AC04-F964CFEB72D4}.Debug|Any CPU.Build.0 = Debug|Any CPU
		{27F9B888-4341-4705-AC04-F964CFEB72D4}.Release|Any CPU.ActiveCfg = Release|Any CPU
		{27F9B888-4341-4705-AC04-F964CFEB72D4}.Release|Any CPU.Build.0 = Release|Any CPU
		{B0914D96-7803-4D18-9C95-7CC66D90D1D0}.Debug|Any CPU.ActiveCfg = Debug|Any CPU
		{B0914D96-7803-4D18-9C95-7CC66D90D1D0}.Debug|Any CPU.Build.0 = Debug|Any CPU
		{B0914D96-7803-4D18-9C95-7CC66D90D1D0}.Release|Any CPU.ActiveCfg = Release|Any CPU
		{B0914D96-7803-4D18-9C95-7CC66D90D1D0}.Release|Any CPU.Build.0 = Release|Any CPU
		{C32519B1-8DD9-4372-AD48-C419E700BE0A}.Debug|Any CPU.ActiveCfg = Debug|Any CPU
		{C32519B1-8DD9-4372-AD48-C419E700BE0A}.Debug|Any CPU.Build.0 = Debug|Any CPU
		{C32519B1-8DD9-4372-AD48-C419E700BE0A}.Release|Any CPU.ActiveCfg = Release|Any CPU
		{C32519B1-8DD9-4372-AD48-C419E700BE0A}.Release|Any CPU.Build.0 = Release|Any CPU
		{5C165E5D-7C4E-44A9-9B3C-E35C24E320AC}.Debug|Any CPU.ActiveCfg = Debug|Any CPU
		{5C165E5D-7C4E-44A9-9B3C-E35C24E320AC}.Debug|Any CPU.Build.0 = Debug|Any CPU
		{5C165E5D-7C4E-44A9-9B3C-E35C24E320AC}.Release|Any CPU.ActiveCfg = Release|Any CPU
		{5C165E5D-7C4E-44A9-9B3C-E35C24E320AC}.Release|Any CPU.Build.0 = Release|Any CPU
		{08101EC1-2BB3-48DE-B1FE-F7D3C5173566}.Debug|Any CPU.ActiveCfg = Debug|Any CPU
		{08101EC1-2BB3-48DE-B1FE-F7D3C5173566}.Debug|Any CPU.Build.0 = Debug|Any CPU
		{08101EC1-2BB3-48DE-B1FE-F7D3C5173566}.Release|Any CPU.ActiveCfg = Release|Any CPU
		{08101EC1-2BB3-48DE-B1FE-F7D3C5173566}.Release|Any CPU.Build.0 = Release|Any CPU
		{0A47B030-670C-4B42-87C6-AB56C13B3076}.Debug|Any CPU.ActiveCfg = Debug|Any CPU
		{0A47B030-670C-4B42-87C6-AB56C13B3076}.Debug|Any CPU.Build.0 = Debug|Any CPU
		{0A47B030-670C-4B42-87C6-AB56C13B3076}.Release|Any CPU.ActiveCfg = Release|Any CPU
		{0A47B030-670C-4B42-87C6-AB56C13B3076}.Release|Any CPU.Build.0 = Release|Any CPU
		{9EA5938D-8DD2-4118-9E11-DE542A8B2FAB}.Debug|Any CPU.ActiveCfg = Debug|Any CPU
		{9EA5938D-8DD2-4118-9E11-DE542A8B2FAB}.Debug|Any CPU.Build.0 = Debug|Any CPU
		{9EA5938D-8DD2-4118-9E11-DE542A8B2FAB}.Release|Any CPU.ActiveCfg = Release|Any CPU
		{9EA5938D-8DD2-4118-9E11-DE542A8B2FAB}.Release|Any CPU.Build.0 = Release|Any CPU
		{E9C0F6D9-FE2F-48D2-9B65-0E6535D894B3}.Debug|Any CPU.ActiveCfg = Debug|Any CPU
		{E9C0F6D9-FE2F-48D2-9B65-0E6535D894B3}.Debug|Any CPU.Build.0 = Debug|Any CPU
		{E9C0F6D9-FE2F-48D2-9B65-0E6535D894B3}.Release|Any CPU.ActiveCfg = Release|Any CPU
		{E9C0F6D9-FE2F-48D2-9B65-0E6535D894B3}.Release|Any CPU.Build.0 = Release|Any CPU
		{D20CD49C-F9D6-4986-8955-44F2094A8E87}.Debug|Any CPU.ActiveCfg = Debug|Any CPU
		{D20CD49C-F9D6-4986-8955-44F2094A8E87}.Debug|Any CPU.Build.0 = Debug|Any CPU
		{D20CD49C-F9D6-4986-8955-44F2094A8E87}.Release|Any CPU.ActiveCfg = Release|Any CPU
		{D20CD49C-F9D6-4986-8955-44F2094A8E87}.Release|Any CPU.Build.0 = Release|Any CPU
	EndGlobalSection
	GlobalSection(NestedProjects) = preSolution
		{C845F2AE-A92E-4746-84D3-6C407F37136B} = {3E4BAE06-6B4A-4EBF-BE9A-ACC22F8BD795}
		{27F9B888-4341-4705-AC04-F964CFEB72D4} = {3E4BAE06-6B4A-4EBF-BE9A-ACC22F8BD795}
		{7093EA79-1409-4B3A-947A-0C20719117B0} = {3E4BAE06-6B4A-4EBF-BE9A-ACC22F8BD795}
		{B0914D96-7803-4D18-9C95-7CC66D90D1D0} = {F933D3BC-5602-42E6-B733-7D6DACF3FF66}
		{C32519B1-8DD9-4372-AD48-C419E700BE0A} = {F933D3BC-5602-42E6-B733-7D6DACF3FF66}
		{5C165E5D-7C4E-44A9-9B3C-E35C24E320AC} = {F933D3BC-5602-42E6-B733-7D6DACF3FF66}
		{08101EC1-2BB3-48DE-B1FE-F7D3C5173566} = {F933D3BC-5602-42E6-B733-7D6DACF3FF66}
		{0A47B030-670C-4B42-87C6-AB56C13B3076} = {F933D3BC-5602-42E6-B733-7D6DACF3FF66}
		{9EA5938D-8DD2-4118-9E11-DE542A8B2FAB} = {3E4BAE06-6B4A-4EBF-BE9A-ACC22F8BD795}
		{E9C0F6D9-FE2F-48D2-9B65-0E6535D894B3} = {3E4BAE06-6B4A-4EBF-BE9A-ACC22F8BD795}
		{D20CD49C-F9D6-4986-8955-44F2094A8E87} = {3E4BAE06-6B4A-4EBF-BE9A-ACC22F8BD795}
	EndGlobalSection
EndGlobal
